# THIS IS AN AUTOGENERATED FILE. DO NOT EDIT THIS FILE DIRECTLY.
# yarn lockfile v1


"@authenio/samlify-xsd-schema-validator@^1.0.2":
  version "1.0.2"
  resolved "https://registry.yarnpkg.com/@authenio/samlify-xsd-schema-validator/-/samlify-xsd-schema-validator-1.0.2.tgz#ba150e1e04cce71093941c715a873f4d0b76e606"
  integrity sha512-OkkXurt5UvjLk4ahYRT3gRm7cpL0xODfyFLdT1i2e1pdc2nmnSqikwhOhlnn9612shOMtRE1hp9aIXi5r9VbWQ==
  dependencies:
    "@authenio/xsd-schema-validator" "^0.7.1"

"@authenio/xml-encryption@^0.11.3":
  version "0.11.3"
  resolved "https://registry.yarnpkg.com/@authenio/xml-encryption/-/xml-encryption-0.11.3.tgz#35379a8a87bbed3f34907a0359e8e1c30ce24bdd"
  integrity sha512-zFLGBw/iNmLq5Udg+OJfsuERsTjcfvWtP6ZzL55EVwGu3bYsxuq1ARRNfNLHCXv4cNP49o8nLwpgA6VmXzRp/w==
  dependencies:
    async "^2.1.5"
    ejs "^2.5.6"
    node-forge "^0.7.4"
    xmldom "~0.1.15"
    xpath "0.0.27"

"@authenio/xsd-schema-validator@^0.7.1":
  version "0.7.1"
  resolved "https://registry.yarnpkg.com/@authenio/xsd-schema-validator/-/xsd-schema-validator-0.7.1.tgz#3264c1b781d5192fe46cb5207d6ce51a706eed07"
  integrity sha512-LfxalSt34Z6V2MKBRExfDBXHwLO3PycKaI0+k4nM1ei5rLJZHqU3C/vYm+LaA1nba6cu+cVXQY8zez3R0ZKl+w==

"@hapi/accept@3.x.x":
  version "3.2.2"
  resolved "https://registry.yarnpkg.com/@hapi/accept/-/accept-3.2.2.tgz#3a033af67be8196c23f8f51aa8756687b972c7cb"
  integrity sha512-UtXlTT59srtMr7ZRBzK2CvyWqFwlf78hPt9jEXqkwfbwiwRH1PRv/qkS8lgr5ZyoG6kfpU3xTgt2X91Yfe/6Yg==
  dependencies:
    "@hapi/boom" "7.x.x"
    "@hapi/hoek" "6.x.x"

"@hapi/address@2.x.x":
  version "2.0.0"
  resolved "https://registry.yarnpkg.com/@hapi/address/-/address-2.0.0.tgz#9f05469c88cb2fd3dcd624776b54ee95c312126a"
  integrity sha512-mV6T0IYqb0xL1UALPFplXYQmR0twnXG0M6jUswpquqT2sD12BOiCiLy3EvMp/Fy7s3DZElC4/aPjEjo2jeZpvw==

"@hapi/ammo@3.x.x":
  version "3.1.0"
  resolved "https://registry.yarnpkg.com/@hapi/ammo/-/ammo-3.1.0.tgz#a3281ecb68bf7af2ffa6d0f7656536a7d23700ed"
  integrity sha512-iFQBEfm3WwWy8JdPQ8l6qXVLPtzmjITVfaxwl6dfoP8kKv6i2Uk43Ax+ShkNfOVyfEnNggqL2IyZTY3DaaRGNg==
  dependencies:
    "@hapi/hoek" "6.x.x"

"@hapi/b64@4.x.x":
  version "4.2.0"
  resolved "https://registry.yarnpkg.com/@hapi/b64/-/b64-4.2.0.tgz#76de0c7ed76e55bfa42709a4facfe894dd41d741"
  integrity sha512-hmfPC1aF7cP21489A/IWPC3s1GE+1eAteVwFcOWLwj0Pky8eHgvrXPSSko2IeCpxqOdZhYw71IFN8xKPdv3CtQ==
  dependencies:
    "@hapi/hoek" "6.x.x"

"@hapi/boom@7.x.x":
  version "7.4.2"
  resolved "https://registry.yarnpkg.com/@hapi/boom/-/boom-7.4.2.tgz#c16957cd09796f6c1bfb4031bdc39d66d6d750c3"
  integrity sha512-T2CYcTI0AqSvC6YC7keu/fh9LVSMzfoMLharBnPbOwmc+Cexj9joIc5yNDKunaxYq9LPuOwMS0f2B3S1tFQUNw==
  dependencies:
    "@hapi/hoek" "6.x.x"

"@hapi/bounce@1.x.x":
  version "1.3.1"
  resolved "https://registry.yarnpkg.com/@hapi/bounce/-/bounce-1.3.1.tgz#7e0017300fa92b21bc6706590cac08f6085899e1"
  integrity sha512-/ecFQTRBom2MEbjMHvKKE6FZ/e1gYK72CeUIFzz++dKK1kYJ0KbRJ72mXroWoTT2hIv+8H0ua/eOkO0+hRdHcw==
  dependencies:
    "@hapi/boom" "7.x.x"
    "@hapi/hoek" "8.x.x"

"@hapi/bourne@1.x.x":
  version "1.3.2"
  resolved "https://registry.yarnpkg.com/@hapi/bourne/-/bourne-1.3.2.tgz#0a7095adea067243ce3283e1b56b8a8f453b242a"
  integrity sha512-1dVNHT76Uu5N3eJNTYcvxee+jzX4Z9lfciqRRHCU27ihbUcYi+iSc2iml5Ke1LXe1SyJCLA0+14Jh4tXJgOppA==

"@hapi/call@5.x.x":
  version "5.1.0"
  resolved "https://registry.yarnpkg.com/@hapi/call/-/call-5.1.0.tgz#91e4c434318003173d96d211d90d35736a33945e"
  integrity sha512-CiVEXjD/jiIHBqufBW3pdedshEMjRmHtff7m1puot8j4MUmuKRbLlh0DB8fv6QqH/7/55pH1qgFj300r0WpyMw==
  dependencies:
    "@hapi/boom" "7.x.x"
    "@hapi/hoek" "6.x.x"

"@hapi/catbox-memory@4.x.x":
  version "4.1.0"
  resolved "https://registry.yarnpkg.com/@hapi/catbox-memory/-/catbox-memory-4.1.0.tgz#cb5fbaf45c52beb44766dae018a2aee7b43e9c88"
  integrity sha512-libCGyufOZaJu6uE9nVXw/u8tqOt4ifNIrOSAsDjzS+af3vPJyid8faOICqKCAh3E338UAsUe5AeYdezdsmtpg==
  dependencies:
    "@hapi/boom" "7.x.x"
    "@hapi/hoek" "6.x.x"

"@hapi/catbox@10.x.x":
  version "10.2.1"
  resolved "https://registry.yarnpkg.com/@hapi/catbox/-/catbox-10.2.1.tgz#ae21fbcdd16e4dff802b6969ee2d6bc51b7e1128"
  integrity sha512-u13BXlnmmrNUZssjTriRVTLuk6I/yUy5C1/Pia1+E2cpfd7o2/jmEvYdFgeS0Ft9QTz7WWhpXKlrguARUuohhQ==
  dependencies:
    "@hapi/boom" "7.x.x"
    "@hapi/hoek" "6.x.x"
    "@hapi/joi" "15.x.x"
    "@hapi/podium" "3.x.x"

"@hapi/content@4.x.x":
  version "4.1.0"
  resolved "https://registry.yarnpkg.com/@hapi/content/-/content-4.1.0.tgz#5265516949ca081e85a43e97c1058ff53fc69714"
  integrity sha512-hv2Czsl49hnWDEfRZOFow/BmYbKyfEknmk3k83gOp6moFn5ceHB4xVcna8OwsGfy8dxO81lhpPy+JgQEaU4SWw==
  dependencies:
    "@hapi/boom" "7.x.x"

"@hapi/cryptiles@4.x.x":
  version "4.2.0"
  resolved "https://registry.yarnpkg.com/@hapi/cryptiles/-/cryptiles-4.2.0.tgz#d22bd5afa54f3c1a3b944a43dadfd4c5e5747f72"
  integrity sha512-P+ioMP1JGhwDOKPRuQls6sT/ln6Fk+Ks6d90mlBi6HcOu5itvdUiFv5Ynq2DvLadPDWaA43lwNxkfZrjE9s2MA==
  dependencies:
    "@hapi/boom" "7.x.x"

"@hapi/file@1.x.x":
  version "1.0.0"
  resolved "https://registry.yarnpkg.com/@hapi/file/-/file-1.0.0.tgz#c91c39fd04db8bed5af82d2e032e7a4e65555b38"
  integrity sha512-Bsfp/+1Gyf70eGtnIgmScvrH8sSypO3TcK3Zf0QdHnzn/ACnAkI6KLtGACmNRPEzzIy+W7aJX5E+1fc9GwIABQ==

"@hapi/hapi@^18.3.1":
  version "18.3.1"
  resolved "https://registry.yarnpkg.com/@hapi/hapi/-/hapi-18.3.1.tgz#936d1e24551b11486eabd6a4974bea4ec2127669"
  integrity sha512-gBiU9isWWezrg0ucX95Ph6AY6fUKZub3FxKapaleoFBJDOUcxTYiQR6Lha2zvHalIFoTl3K04O3Yr/5pD17QkQ==
  dependencies:
    "@hapi/accept" "3.x.x"
    "@hapi/ammo" "3.x.x"
    "@hapi/boom" "7.x.x"
    "@hapi/bounce" "1.x.x"
    "@hapi/call" "5.x.x"
    "@hapi/catbox" "10.x.x"
    "@hapi/catbox-memory" "4.x.x"
    "@hapi/heavy" "6.x.x"
    "@hapi/hoek" "6.x.x"
    "@hapi/joi" "15.x.x"
    "@hapi/mimos" "4.x.x"
    "@hapi/podium" "3.x.x"
    "@hapi/shot" "4.x.x"
    "@hapi/somever" "2.x.x"
    "@hapi/statehood" "6.x.x"
    "@hapi/subtext" "6.x.x"
    "@hapi/teamwork" "3.x.x"
    "@hapi/topo" "3.x.x"

"@hapi/heavy@6.x.x":
  version "6.2.0"
  resolved "https://registry.yarnpkg.com/@hapi/heavy/-/heavy-6.2.0.tgz#b6c30578e1f30ab6ca17a818772f11b1116ba8cc"
  integrity sha512-tzGU9cElY0IxRBudGB7tLFkdpBD8XQPfd6G7DSOnvHRK+q96UHGHn4t59Yd7kDpVucNkErWWYarsGx2KmKPkXA==
  dependencies:
    "@hapi/boom" "7.x.x"
    "@hapi/hoek" "6.x.x"
    "@hapi/joi" "15.x.x"

"@hapi/hoek@6.x.x":
  version "6.2.4"
  resolved "https://registry.yarnpkg.com/@hapi/hoek/-/hoek-6.2.4.tgz#4b95fbaccbfba90185690890bdf1a2fbbda10595"
  integrity sha512-HOJ20Kc93DkDVvjwHyHawPwPkX44sIrbXazAUDiUXaY2R9JwQGo2PhFfnQtdrsIe4igjG2fPgMra7NYw7qhy0A==

"@hapi/hoek@8.x.x":
  version "8.1.0"
  resolved "https://registry.yarnpkg.com/@hapi/hoek/-/hoek-8.1.0.tgz#8f7627b23ed9bf67088fc7f9669e48c63ad421bd"
  integrity sha512-b1J4jxYnW+n6lC91V6Pqg9imP9BZq0HNCeM+3sbXg05rQsE9cGYrKFpZjyztVesGmNRE6R+QaEoWGATeIiUVjA==

"@hapi/iron@5.x.x":
  version "5.1.0"
  resolved "https://registry.yarnpkg.com/@hapi/iron/-/iron-5.1.0.tgz#c3b34783cd19b7b8aabe11b72b0ce3781fcee08d"
  integrity sha512-+MK3tBPkEKd50SrDTRXa2DVvE0UTPFKxGbodlbQpNP9SVlxi+ZwA640VJtMNj84FZh81UUxda8AOLPRKFffnEA==
  dependencies:
    "@hapi/b64" "4.x.x"
    "@hapi/boom" "7.x.x"
    "@hapi/cryptiles" "4.x.x"
    "@hapi/hoek" "6.x.x"

"@hapi/joi@15.x.x":
  version "15.1.0"
  resolved "https://registry.yarnpkg.com/@hapi/joi/-/joi-15.1.0.tgz#940cb749b5c55c26ab3b34ce362e82b6162c8e7a"
  integrity sha512-n6kaRQO8S+kepUTbXL9O/UOL788Odqs38/VOfoCrATDtTvyfiO3fgjlSRaNkHabpTLgM7qru9ifqXlXbXk8SeQ==
  dependencies:
    "@hapi/address" "2.x.x"
    "@hapi/hoek" "6.x.x"
    "@hapi/marker" "1.x.x"
    "@hapi/topo" "3.x.x"

"@hapi/marker@1.x.x":
  version "1.0.0"
  resolved "https://registry.yarnpkg.com/@hapi/marker/-/marker-1.0.0.tgz#65b0b2b01d1be06304886ce9b4b77b1bfb21a769"
  integrity sha512-JOfdekTXnJexfE8PyhZFyHvHjt81rBFSAbTIRAhF2vv/2Y1JzoKsGqxH/GpZJoF7aEfYok8JVcAHmSz1gkBieA==

"@hapi/mimos@4.x.x":
  version "4.1.0"
  resolved "https://registry.yarnpkg.com/@hapi/mimos/-/mimos-4.1.0.tgz#8c3345ca3b70c0e10e7e9e35f0e01d314c2d4e32"
  integrity sha512-CkxOB15TFZDMl5tQ5qezKZvvBnkRYVc8YksNfA5TnqQMMsU7vGPyvuuNFqj+15bfEwHyM6qasxyQNdkX9B/cQw==
  dependencies:
    "@hapi/hoek" "6.x.x"
    mime-db "1.x.x"

"@hapi/nigel@3.x.x":
  version "3.1.0"
  resolved "https://registry.yarnpkg.com/@hapi/nigel/-/nigel-3.1.0.tgz#88f78220f4f022a5bd1d61b59505367861425595"
  integrity sha512-IJyau32pz5Bf7pzUU/8AIn/SvPvhLMQcOel6kM7ECpKyPc895AwttSusRKfgTwfxZOEG6W8DnNv25gLtqrVFSg==
  dependencies:
    "@hapi/hoek" "6.x.x"
    "@hapi/vise" "3.x.x"

"@hapi/pez@4.x.x":
  version "4.1.0"
  resolved "https://registry.yarnpkg.com/@hapi/pez/-/pez-4.1.0.tgz#97a88e5d19e756efbd24e5f583d59fa8db1d6cba"
  integrity sha512-c+AxL8/cCj+7FB+tzJ5FhWKYP8zF7/7mA3Ft3a5y7h6YT26qzhj5d2JY27jur30KaZbrZAd4ofXXkqvE/IpJlA==
  dependencies:
    "@hapi/b64" "4.x.x"
    "@hapi/boom" "7.x.x"
    "@hapi/content" "4.x.x"
    "@hapi/hoek" "6.x.x"
    "@hapi/nigel" "3.x.x"

"@hapi/podium@3.x.x":
  version "3.4.0"
  resolved "https://registry.yarnpkg.com/@hapi/podium/-/podium-3.4.0.tgz#350b2a93eb13b8b7e297e5bcd8b1fea26e359607"
  integrity sha512-IwyewAPGlCoq+g5536PKSDqSTfgpwbj+q4cBJpEUNqzwc5C5SM2stuFsULU7x1jKeWevfgWDoYWC75ML4IOYug==
  dependencies:
    "@hapi/hoek" "6.x.x"
    "@hapi/joi" "15.x.x"

"@hapi/shot@4.x.x":
  version "4.1.0"
  resolved "https://registry.yarnpkg.com/@hapi/shot/-/shot-4.1.0.tgz#e564bf5474d932e947bc48ab35ff565d4e1bf57b"
  integrity sha512-rpUU5cF08fqAZLLnue6Sy0osj1QMPbrYskehxtLFPdk7CwlPcu9N/wRtgu7vDHTQCKTkag6M8sjc8V8p8lSxpg==
  dependencies:
    "@hapi/hoek" "6.x.x"
    "@hapi/joi" "15.x.x"

"@hapi/somever@2.x.x":
  version "2.1.0"
  resolved "https://registry.yarnpkg.com/@hapi/somever/-/somever-2.1.0.tgz#46ccf2a85ab77635982af15aa4a28c847717bdbf"
  integrity sha512-kMPewbpgLd0MSlNg0bjvq57Levozbg7c3O0idpWRxRgXfXBALNATLf8GRVbnMehYXAh7YRD2mR/91kginDtJ2Q==
  dependencies:
    "@hapi/bounce" "1.x.x"
    "@hapi/hoek" "6.x.x"

"@hapi/statehood@6.x.x":
  version "6.1.0"
  resolved "https://registry.yarnpkg.com/@hapi/statehood/-/statehood-6.1.0.tgz#2681c738d816281d6a590286054c8b9e779116fc"
  integrity sha512-qc8Qq3kg0b3XK7siXf6DK0wp+rcOrXv336kIP6YrtD9TbQ45TsBobwKkUXB+4R3GCCQ8a6tOj8FR/9bdtjKJCA==
  dependencies:
    "@hapi/boom" "7.x.x"
    "@hapi/bounce" "1.x.x"
    "@hapi/bourne" "1.x.x"
    "@hapi/cryptiles" "4.x.x"
    "@hapi/hoek" "6.x.x"
    "@hapi/iron" "5.x.x"
    "@hapi/joi" "15.x.x"

"@hapi/subtext@6.x.x":
  version "6.1.1"
  resolved "https://registry.yarnpkg.com/@hapi/subtext/-/subtext-6.1.1.tgz#3b63b4175a7bd06cd0d21f13912c7d81de90e6d2"
  integrity sha512-Y7NjKFRPwlzKRw5IdwRou42hR4IBQZolT+/DlvfSr/CBjGyu38n5+9LKfNKzqB/0AVEk+xynCijsx1o1UVWX8A==
  dependencies:
    "@hapi/boom" "7.x.x"
    "@hapi/bourne" "1.x.x"
    "@hapi/content" "4.x.x"
    "@hapi/file" "1.x.x"
    "@hapi/hoek" "8.x.x"
    "@hapi/pez" "4.x.x"
    "@hapi/wreck" "15.x.x"

"@hapi/teamwork@3.x.x":
  version "3.3.1"
  resolved "https://registry.yarnpkg.com/@hapi/teamwork/-/teamwork-3.3.1.tgz#b52d0ec48682dc793926bd432e22ceb19c915d3f"
  integrity sha512-61tiqWCYvMKP7fCTXy0M4VE6uNIwA0qvgFoiDubgfj7uqJ0fdHJFQNnVPGrxhLWlwz0uBPWrQlBH7r8y9vFITQ==

"@hapi/topo@3.x.x":
  version "3.1.2"
  resolved "https://registry.yarnpkg.com/@hapi/topo/-/topo-3.1.2.tgz#57cc1317be1a8c5f47c124f9b0e3c49cd78424d2"
  integrity sha512-r+aumOqJ5QbD6aLPJWqVjMAPsx5pZKz+F5yPqXZ/WWG9JTtHbQqlzrJoknJ0iJxLj9vlXtmpSdjlkszseeG8OA==
  dependencies:
    "@hapi/hoek" "8.x.x"

"@hapi/vise@3.x.x":
  version "3.1.0"
  resolved "https://registry.yarnpkg.com/@hapi/vise/-/vise-3.1.0.tgz#4fa71b9e752f35e5519115c73a47479a7375b445"
  integrity sha512-DUDzV0D4iVO5atghsjGZtzaF0HVtRLcxcnH6rAONyH0stnoLiFloGEuP5nkbIPU0B9cgWTzTUsQPuNHBzxy9Yw==
  dependencies:
    "@hapi/hoek" "6.x.x"

"@hapi/wreck@15.x.x":
  version "15.0.1"
  resolved "https://registry.yarnpkg.com/@hapi/wreck/-/wreck-15.0.1.tgz#b9f881965a7e649a8fffe6de25ba41973ed28415"
  integrity sha512-ByXQna/W1FZk7dg8NEhL79u4QkhzszRz76VpgyGstSH8bLM01a0C8RsxmUBgi6Tjkag5jA9kaEIhF9dLpMrtBw==
  dependencies:
    "@hapi/boom" "7.x.x"
    "@hapi/bourne" "1.x.x"
    "@hapi/hoek" "6.x.x"

"@root/mkdirp@^1.0.0":
  version "1.0.0"
  resolved "https://registry.yarnpkg.com/@root/mkdirp/-/mkdirp-1.0.0.tgz#f200e29568d711d3357151af0d2648e7eaf21b6f"
  integrity sha512-hxGAYUx5029VggfG+U9naAhQkoMSXtOeXtbql97m3Hi6/sQSRL/4khKZPyOF6w11glyCOU38WCNLu9nUcSjOfA==

"@root/request@^1.3.11":
  version "1.3.11"
  resolved "https://registry.yarnpkg.com/@root/request/-/request-1.3.11.tgz#b72df33c2a759443466939712be74fd8c5b9e554"
  integrity sha512-3a4Eeghcjsfe6zh7EJ+ni1l8OK9Fz2wL1OjP4UCa0YdvtH39kdXB9RGWuzyNv7dZi0+Ffkc83KfH0WbPMiuJFw==

"@types/hapi__boom@*":
  version "7.4.0"
  resolved "https://registry.yarnpkg.com/@types/hapi__boom/-/hapi__boom-7.4.0.tgz#81d58cffb67c54896614560c007a5015a79c30ba"
  integrity sha512-i4nerd/aJd5zW8OPHxgeuDYiuiuHxHczkqIaALhINUqBCavRgbiwjfndpgrarB43jcb/2LxzrohMOH7akyt3og==

"@types/hapi__catbox@*":
  version "10.2.2"
  resolved "https://registry.yarnpkg.com/@types/hapi__catbox/-/hapi__catbox-10.2.2.tgz#b13fbdd6006c8793eb80919158593bc2bf8307c4"
  integrity sha512-AWK70LgRsRWL1TNw+aT0IlS56E0pobvFdr/en0K8XazyK4Ey6T/jXhQqv/iQ6FJAAU+somMzgmt9fWq2TaaOkA==

"@types/hapi__hapi@^18.2.5":
  version "18.2.5"
  resolved "https://registry.yarnpkg.com/@types/hapi__hapi/-/hapi__hapi-18.2.5.tgz#37afc3db0380e89527bb850a0922f15da0bfe688"
  integrity sha512-hCAQVtE3OZCihJrn5SxQYmAkIdtE1BwAyvGkxwnPwP+IIe0MQxqbP2s0cwlAwimGOdDQ/ArH+7i6FGDKPlZhFQ==
  dependencies:
    "@types/hapi__boom" "*"
    "@types/hapi__catbox" "*"
    "@types/hapi__iron" "*"
    "@types/hapi__joi" "*"
    "@types/hapi__mimos" "*"
    "@types/hapi__podium" "*"
    "@types/hapi__shot" "*"
    "@types/node" "*"

"@types/hapi__iron@*":
  version "5.1.0"
  resolved "https://registry.yarnpkg.com/@types/hapi__iron/-/hapi__iron-5.1.0.tgz#35ebddae3a100c468b84fe075689522ad2f3703d"
  integrity sha512-RxYHIc8wFe8M1jMwgovskoHNVjuP1q0tUGCNnbHnhA4SBMyYg+JHIAz8yFibSwgF4gWYh5yHMpbmK5kmnG4HRA==
  dependencies:
    "@types/node" "*"

"@types/hapi__joi@*":
  version "15.0.3"
  resolved "https://registry.yarnpkg.com/@types/hapi__joi/-/hapi__joi-15.0.3.tgz#eeeca99e3829636975bf39532d6e8279409c78f2"
  integrity sha512-kncvQstpAQSjQ+J+tL2oYerjOEepv+yJHKM/JD/NmFZyDcy3rYOBcMJhdHRDjBxuSZu3ipGECszhgtmug9VSuw==
  dependencies:
    "@types/hapi__joi" "*"

"@types/hapi__mimos@*":
  version "4.1.0"
  resolved "https://registry.yarnpkg.com/@types/hapi__mimos/-/hapi__mimos-4.1.0.tgz#47dbf89ebfc05183c1de2797e9426793db9a0d85"
  integrity sha512-hcdSoYa32wcP+sEfyf85ieGwElwokcZ/mma8eyqQ4OTHeCAGwfaoiGxjG4z1Dm+RGhIYLHlW54ji5FFwahH12A==
  dependencies:
    "@types/mime-db" "*"

"@types/hapi__podium@*":
  version "3.4.0"
  resolved "https://registry.yarnpkg.com/@types/hapi__podium/-/hapi__podium-3.4.0.tgz#8efbe18c422e5306a7ee970d48448cf8ff4da37c"
  integrity sha512-LE85jLgqR5HscGQ7SaSz6FMRsKlQ1wHVbYc9u0yq7NKDRvZiQFIrr3Pl1RPzK7QNUdZP8zmJibe8q0JcafTAJQ==

"@types/hapi__shot@*":
  version "4.1.0"
  resolved "https://registry.yarnpkg.com/@types/hapi__shot/-/hapi__shot-4.1.0.tgz#c2f096bf89906e25b530869becca44d40b168b75"
  integrity sha512-vIySJYkwIGXMB5eFaZu3U8dS9CAZmteJfmkRn9bYH5uNcSvVgiwDROiwAkD7ej88qA+RZPkUK70KmeDs3LRHvw==
  dependencies:
    "@types/node" "*"

"@types/jsonwebtoken@^8.3.2":
  version "8.3.2"
  resolved "https://registry.yarnpkg.com/@types/jsonwebtoken/-/jsonwebtoken-8.3.2.tgz#e3d5245197152346fae7ee87d5541aa5a92d0362"
  integrity sha512-Mkjljd9DTpkPlrmGfTJvcP4aBU7yO2QmW7wNVhV4/6AEUxYoacqU7FJU/N0yFEHTsIrE4da3rUrjrR5ejicFmA==
  dependencies:
    "@types/node" "*"

"@types/mime-db@*":
  version "1.27.0"
  resolved "https://registry.yarnpkg.com/@types/mime-db/-/mime-db-1.27.0.tgz#9bc014a1fd1fdf47649c1a54c6dd7966b8284792"
  integrity sha1-m8AUof0f30dknBpUxt15ZrgoR5I=

"@types/node@*", "@types/node@^12.6.8":
  version "12.6.8"
  resolved "https://registry.yarnpkg.com/@types/node/-/node-12.6.8.tgz#e469b4bf9d1c9832aee4907ba8a051494357c12c"
  integrity sha512-aX+gFgA5GHcDi89KG5keey2zf0WfZk/HAQotEamsK2kbey+8yGKcson0hbK8E+v0NArlCJQCqMP161YhV6ZXLg==

"@types/uuid@^3.4.5":
  version "3.4.5"
  resolved "https://registry.yarnpkg.com/@types/uuid/-/uuid-3.4.5.tgz#d4dc10785b497a1474eae0ba7f0cb09c0ddfd6eb"
  integrity sha512-MNL15wC3EKyw1VLF+RoVO4hJJdk9t/Hlv3rt1OL65Qvuadm4BYo6g9ZJQqoq7X8NBFSsQXgAujWciovh2lpVjA==
  dependencies:
    "@types/node" "*"

acme-dns-01-cli@^3.0.0:
  version "3.0.7"
  resolved "https://registry.yarnpkg.com/acme-dns-01-cli/-/acme-dns-01-cli-3.0.7.tgz#cd5d0e3d455eba88db3a9e8e955aa8f8e48ebbc5"
  integrity sha512-Aa4bUpq6ftX1VODiShOetOY5U0tsXY5EV7+fQwme3Q8Y9rjYBArBXHgFCAVKtK1AF+Ev8pIuF6Z42hzMFa73/w==

acme-v2@^1.6.0, acme-v2@^1.8.1:
  version "1.8.2"
  resolved "https://registry.yarnpkg.com/acme-v2/-/acme-v2-1.8.2.tgz#7da4f25b4aca51aba477d696dbea66f89630d720"
  integrity sha512-uYGA+DuTnA44EsGXE413XnbTotGHCzkucXjMk23QRwGnaGlnr0lNBoYjByyeIVLSzj0W6Y9FqA9h+15+H+ltMw==
  dependencies:
    "@root/request" "^1.3.11"
    rsa-compat "^2.0.8"

acme@^1.3.0:
  version "1.3.0"
  resolved "https://registry.yarnpkg.com/acme/-/acme-1.3.0.tgz#ed7469dbbca011d0df339eb45a1292fa0d1eed69"
  integrity sha512-Ny8aXnGdtlEVBZLpzNyVp7gff/3zFYrbfbiY93lx5jdrG4BrraA6P8RkRFP7NbFwh1rBgQkdHEsMxTp3f2r8dA==
  dependencies:
    acme-v2 "^1.6.0"

asn1@^0.2.4:
  version "0.2.4"
  resolved "https://registry.yarnpkg.com/asn1/-/asn1-0.2.4.tgz#8d2475dfab553bb33e77b54e59e880bb8ce23136"
  integrity sha512-jxwzQpLQjSmWXgwaCZE9Nz+glAG01yF1QnWgbhGwHI5A6FRIEY6IVqtHhIepHqI7/kyEyQEagBC5mBEFlIYvdg==
  dependencies:
    safer-buffer "~2.1.0"

async@^2.1.5:
  version "2.6.4"
  resolved "https://registry.yarnpkg.com/async/-/async-2.6.4.tgz#706b7ff6084664cd7eae713f6f965433b5504221"
  integrity sha512-mzo5dfJYwAn29PeiJ0zvwTo04zj8HDJj0Mn8TD7sno7q12prdbnasKJHhkm2c1LgrhlJ0teaea8860oxi51mGA==
  dependencies:
    lodash "^4.17.14"

aws-sdk@^2.503.0:
  version "2.503.0"
  resolved "https://registry.yarnpkg.com/aws-sdk/-/aws-sdk-2.503.0.tgz#983b8c03aa919060a81127cb9d94fbb1667f4cf2"
  integrity sha512-DPwRxhPYCGNvKL9rUhpAoOVpMRyISbVMlXykLQknYo7wyOI+jYcyA7t8H7IFPAqj4ZG+R+Au9tO/KT4im+2gbg==
  dependencies:
    buffer "4.9.1"
    events "1.1.1"
    ieee754 "1.1.8"
    jmespath "0.15.0"
    querystring "0.2.0"
    sax "1.2.1"
    url "0.10.3"
    uuid "3.3.2"
    xml2js "0.4.19"

base64-js@^1.0.2:
  version "1.3.0"
  resolved "https://registry.yarnpkg.com/base64-js/-/base64-js-1.3.0.tgz#cab1e6118f051095e58b5281aea8c1cd22bfc0e3"
  integrity sha512-ccav/yGvoa80BQDljCxsmmQ3Xvx60/UpBIij5QN21W3wBi/hhIC9OoO+KLpu9IJTS9j4DRVJ3aDDF9cMSoa2lw==

buffer-equal-constant-time@1.0.1:
  version "1.0.1"
  resolved "https://registry.yarnpkg.com/buffer-equal-constant-time/-/buffer-equal-constant-time-1.0.1.tgz#f8e71132f7ffe6e01a5c9697a4c6f3e48d5cc819"
  integrity sha1-+OcRMvf/5uAaXJaXpMbz5I1cyBk=

buffer@4.9.1:
  version "4.9.1"
  resolved "https://registry.yarnpkg.com/buffer/-/buffer-4.9.1.tgz#6d1bb601b07a4efced97094132093027c95bc298"
  integrity sha1-bRu2AbB6TvztlwlBMgkwJ8lbwpg=
  dependencies:
    base64-js "^1.0.2"
    ieee754 "^1.1.4"
    isarray "^1.0.0"

camelcase@^5.3.1:
  version "5.3.1"
  resolved "https://registry.yarnpkg.com/camelcase/-/camelcase-5.3.1.tgz#e3c9b31569e106811df242f715725a1f4c494320"
  integrity sha512-L28STB170nwWS63UjtlEOE3dldQApaJXZkOI1uMFfzf3rRuPegHaHesyee+YxQ+W6SvRDQV6UrdOdRiR153wJg==

cert-info@^1.5.1:
  version "1.5.1"
  resolved "https://registry.yarnpkg.com/cert-info/-/cert-info-1.5.1.tgz#90078c9ea2d18abaa8a4ed9068a46320ecf0d519"
  integrity sha512-eoQC/yAgW3gKTKxjzyClvi+UzuY97YCjcl+lSqbsGIy7HeGaWxCPOQFivhUYm27hgsBMhsJJFya3kGvK6PMIcQ==

deflate-js@^0.2.3:
  version "0.2.3"
  resolved "https://registry.yarnpkg.com/deflate-js/-/deflate-js-0.2.3.tgz#f85abb58ebc5151a306147473d57c3e4f7e4426b"
  integrity sha1-+Fq7WOvFFRowYUdHPVfD5PfkQms=

dotenv@^8.0.0:
  version "8.0.0"
  resolved "https://registry.yarnpkg.com/dotenv/-/dotenv-8.0.0.tgz#ed310c165b4e8a97bb745b0a9d99c31bda566440"
  integrity sha512-30xVGqjLjiUOArT4+M5q9sYdvuR4riM6yK9wMcas9Vbp6zZa+ocC9dp6QoftuhTPhFAiLK/0C5Ni2nou/Bk8lg==

ecdsa-sig-formatter@1.0.11:
  version "1.0.11"
  resolved "https://registry.yarnpkg.com/ecdsa-sig-formatter/-/ecdsa-sig-formatter-1.0.11.tgz#ae0f0fa2d85045ef14a817daa3ce9acd0489e5bf"
  integrity sha512-nagl3RYrbNv6kQkeJIpt6NJZy8twLB/2vtz6yN9Z4vRKHN4/QZJIEbqohALSgwKdnksuY3k5Addp5lg8sVoVcQ==
  dependencies:
    safe-buffer "^5.0.1"

eckles@^1.4.1:
  version "1.4.1"
  resolved "https://registry.yarnpkg.com/eckles/-/eckles-1.4.1.tgz#5e97fefa8554a7af594070c461e6b25fe3819382"
  integrity sha512-auWyk/k8oSkVHaD4RxkPadKsLUcIwKgr/h8F7UZEueFDBO7BsE4y+H6IMUDbfqKIFPg/9MxV6KcBdJCmVVcxSA==

ejs@^2.5.6:
  version "2.6.2"
  resolved "https://registry.yarnpkg.com/ejs/-/ejs-2.6.2.tgz#3a32c63d1cd16d11266cd4703b14fec4e74ab4f6"
  integrity sha512-PcW2a0tyTuPHz3tWyYqtK6r1fZ3gp+3Sop8Ph+ZYN81Ob5rwmbHEzaqs10N3BEsaGTkh/ooniXK+WwszGlc2+Q==

escape-html@^1.0.3:
  version "1.0.3"
  resolved "https://registry.yarnpkg.com/escape-html/-/escape-html-1.0.3.tgz#0258eae4d3d0c0974de1c169188ef0051d1d1988"
  integrity sha1-Aljq5NPQwJdN4cFpGI7wBR0dGYg=

events@1.1.1:
  version "1.1.1"
  resolved "https://registry.yarnpkg.com/events/-/events-1.1.1.tgz#9ebdb7635ad099c70dcc4c2a1f5004288e8bd924"
  integrity sha1-nr23Y1rQmccNzEwqH1AEKI6L2SQ=

greenlock-express@^2.7.12:
  version "2.7.12"
  resolved "https://registry.yarnpkg.com/greenlock-express/-/greenlock-express-2.7.12.tgz#ad1b52e0f7acdedb9ae6272ca338aeafcdee1ed1"
  integrity sha512-rcClsKu3JiaYtWDt4nlzYcUMDaIrjEP0/PU6TPE2nOJs8P1/WWX1sG9SBgqlzH8H7hXIBN8IDg5k+uO2gzHAZw==
  dependencies:
    greenlock "^2.7.24"
    redirect-https "^1.1.5"

greenlock-hapi@2.x:
  version "2.1.3"
  resolved "https://registry.yarnpkg.com/greenlock-hapi/-/greenlock-hapi-2.1.3.tgz#dad1c5349fce0b0e5826de58a7c2c79dca268028"
  integrity sha1-2tHFNJ/OCw5YJt5Yp8LHncomgCg=

greenlock-store-fs@3, greenlock-store-fs@^3.0.2:
  version "3.0.2"
  resolved "https://registry.yarnpkg.com/greenlock-store-fs/-/greenlock-store-fs-3.0.2.tgz#54efe8f4977e6e62840b114361584ec34622b80a"
  integrity sha512-t4So75yKs1+7TqmxD5UKdf+zOQU0/4o0lb2auf5zUcAo7fwwNLOAXyWnnZRL3WuFBUiBGh1qXWleuMua0d3LPg==
  dependencies:
    "@root/mkdirp" "^1.0.0"
    safe-replace "^1.1.0"

greenlock@^2.7.24:
  version "2.8.2"
  resolved "https://registry.yarnpkg.com/greenlock/-/greenlock-2.8.2.tgz#3680a7546d8fd6efacb506f9b849b47a7e365288"
  integrity sha512-pCAYjgVova1ZoUHhuCfIw/3Rs5tE6DK1YF2LI7Cyh15QFBZJNU7pngMvDfeFft3It4WqnHezNgyDWAeV2pWFaw==
  dependencies:
    acme "^1.3.0"
    acme-dns-01-cli "^3.0.0"
    acme-v2 "^1.8.1"
    cert-info "^1.5.1"
    greenlock-store-fs "^3.0.2"
    keypairs "^1.2.14"
    le-challenge-fs "^2.0.2"
    le-sni-auto "^2.1.9"
    le-store-certbot "^2.2.3"
    rsa-compat "^2.0.8"

ieee754@1.1.8:
  version "1.1.8"
  resolved "https://registry.yarnpkg.com/ieee754/-/ieee754-1.1.8.tgz#be33d40ac10ef1926701f6f08a2d86fbfd1ad3e4"
  integrity sha1-vjPUCsEO8ZJnAfbwii2G+/0a0+Q=

ieee754@^1.1.4:
  version "1.1.13"
  resolved "https://registry.yarnpkg.com/ieee754/-/ieee754-1.1.13.tgz#ec168558e95aa181fd87d37f55c32bbcb6708b84"
  integrity sha512-4vf7I2LYV/HaWerSo3XmlMkp5eZ83i+/CDluXi/IGTs/O1sejBNhTtnxzmRZfvOUqj7lZjqHkeTvpgSFDlWZTg==

isarray@^1.0.0:
  version "1.0.0"
  resolved "https://registry.yarnpkg.com/isarray/-/isarray-1.0.0.tgz#bb935d48582cba168c06834957a54a3e07124f11"
  integrity sha1-u5NdSFgsuhaMBoNJV6VKPgcSTxE=

jmespath@0.15.0:
  version "0.15.0"
  resolved "https://registry.yarnpkg.com/jmespath/-/jmespath-0.15.0.tgz#a3f222a9aae9f966f5d27c796510e28091764217"
  integrity sha1-o/Iiqarp+Wb10nx5ZRDigJF2Qhc=

jsonwebtoken@^8.5.1:
  version "8.5.1"
  resolved "https://registry.yarnpkg.com/jsonwebtoken/-/jsonwebtoken-8.5.1.tgz#00e71e0b8df54c2121a1f26137df2280673bcc0d"
  integrity sha512-XjwVfRS6jTMsqYs0EsuJ4LGxXV14zQybNd4L2r0UvbVnSF9Af8x7p5MzbJ90Ioz/9TI41/hTCvznF/loiSzn8w==
  dependencies:
    jws "^3.2.2"
    lodash.includes "^4.3.0"
    lodash.isboolean "^3.0.3"
    lodash.isinteger "^4.0.4"
    lodash.isnumber "^3.0.3"
    lodash.isplainobject "^4.0.6"
    lodash.isstring "^4.0.1"
    lodash.once "^4.0.0"
    ms "^2.1.1"
    semver "^5.6.0"

jwa@^1.4.1:
  version "1.4.1"
  resolved "https://registry.yarnpkg.com/jwa/-/jwa-1.4.1.tgz#743c32985cb9e98655530d53641b66c8645b039a"
  integrity sha512-qiLX/xhEEFKUAJ6FiBMbes3w9ATzyk5W7Hvzpa/SLYdxNtng+gcurvrI7TbACjIXlsJyr05/S1oUhZrc63evQA==
  dependencies:
    buffer-equal-constant-time "1.0.1"
    ecdsa-sig-formatter "1.0.11"
    safe-buffer "^5.0.1"

jws@^3.2.2:
  version "3.2.2"
  resolved "https://registry.yarnpkg.com/jws/-/jws-3.2.2.tgz#001099f3639468c9414000e99995fa52fb478304"
  integrity sha512-YHlZCB6lMTllWDtSPHz/ZXTsi8S00usEV6v1tjq8tOUZzw7DpSDWVXjXDre6ed1w/pd495ODpHZYSdkRTsa0HA==
  dependencies:
    jwa "^1.4.1"
    safe-buffer "^5.0.1"

keypairs@^1.2.14:
  version "1.2.14"
  resolved "https://registry.yarnpkg.com/keypairs/-/keypairs-1.2.14.tgz#c971e8d03ae2d048fc6879117e0509bae6543887"
  integrity sha512-ZoZfZMygyB0QcjSlz7Rh6wT2CJasYEHBPETtmHZEfxuJd7bnsOG5AdtPZqHZBT+hoHvuWCp/4y8VmvTvH0Y9uA==
  dependencies:
    eckles "^1.4.1"
    rasha "^1.2.4"

le-challenge-fs@^2.0.2:
  version "2.0.9"
  resolved "https://registry.yarnpkg.com/le-challenge-fs/-/le-challenge-fs-2.0.9.tgz#0431fd6ad75543c03ec9a55257d861279f9f332b"
  integrity sha512-stzI6rxd+aXGxBl87QJKKY/i/wl3uz6EoWzX2xSazJvCPSYBQys1RVNgOcf0SfUQPh6TBCFJFSJkiR4mznb4sg==
  dependencies:
    "@root/mkdirp" "^1.0.0"

le-sni-auto@^2.1.9:
  version "2.1.9"
  resolved "https://registry.yarnpkg.com/le-sni-auto/-/le-sni-auto-2.1.9.tgz#0e394079113511129b9ae24afbb180df2c188584"
  integrity sha512-QmQHNwQDi/56GY8+qczFZ06FZbxaeJQjbjEhwwQHhkJ9IHhIQFkPfCT/OyDfLj4gqLIrg5ZX8CemxxVZnLEYfg==

le-store-certbot@^2.2.3:
  version "2.2.3"
  resolved "https://registry.yarnpkg.com/le-store-certbot/-/le-store-certbot-2.2.3.tgz#72eee5c86a1753a3cde0871f462c07a16eb95b62"
  integrity sha512-c4ACR+v+JKMiAOOshLh6gdCKA7wIWR16+mROMLpQjq3rXJ3Vm8FaBHe2H+crT+flP+g7FmciAwUlfOJEJpIuCQ==
  dependencies:
    "@root/mkdirp" "^1.0.0"
    pyconf "^1.1.7"
    safe-replace "^1.1.0"

lodash.includes@^4.3.0:
  version "4.3.0"
  resolved "https://registry.yarnpkg.com/lodash.includes/-/lodash.includes-4.3.0.tgz#60bb98a87cb923c68ca1e51325483314849f553f"
  integrity sha1-YLuYqHy5I8aMoeUTJUgzFISfVT8=

lodash.isboolean@^3.0.3:
  version "3.0.3"
  resolved "https://registry.yarnpkg.com/lodash.isboolean/-/lodash.isboolean-3.0.3.tgz#6c2e171db2a257cd96802fd43b01b20d5f5870f6"
  integrity sha1-bC4XHbKiV82WgC/UOwGyDV9YcPY=

lodash.isinteger@^4.0.4:
  version "4.0.4"
  resolved "https://registry.yarnpkg.com/lodash.isinteger/-/lodash.isinteger-4.0.4.tgz#619c0af3d03f8b04c31f5882840b77b11cd68343"
  integrity sha1-YZwK89A/iwTDH1iChAt3sRzWg0M=

lodash.isnumber@^3.0.3:
  version "3.0.3"
  resolved "https://registry.yarnpkg.com/lodash.isnumber/-/lodash.isnumber-3.0.3.tgz#3ce76810c5928d03352301ac287317f11c0b1ffc"
  integrity sha1-POdoEMWSjQM1IwGsKHMX8RwLH/w=

lodash.isplainobject@^4.0.6:
  version "4.0.6"
  resolved "https://registry.yarnpkg.com/lodash.isplainobject/-/lodash.isplainobject-4.0.6.tgz#7c526a52d89b45c45cc690b88163be0497f550cb"
  integrity sha1-fFJqUtibRcRcxpC4gWO+BJf1UMs=

lodash.isstring@^4.0.1:
  version "4.0.1"
  resolved "https://registry.yarnpkg.com/lodash.isstring/-/lodash.isstring-4.0.1.tgz#d527dfb5456eca7cc9bb95d5daeaf88ba54a5451"
  integrity sha1-1SfftUVuynzJu5XV2ur4i6VKVFE=

lodash.once@^4.0.0:
  version "4.1.1"
  resolved "https://registry.yarnpkg.com/lodash.once/-/lodash.once-4.1.1.tgz#0dd3971213c7c56df880977d504c88fb471a97ac"
  integrity sha1-DdOXEhPHxW34gJd9UEyI+0cal6w=

lodash@^4.17.14:
  version "4.17.21"
  resolved "https://registry.yarnpkg.com/lodash/-/lodash-4.17.21.tgz#679591c564c3bffaae8454cf0b3df370c3d6911c"
  integrity sha512-v2kDEe57lecTulaDIuNTPy3Ry4gLGJ6Z1O3vE1krgXZNrsQ+LFTGHVxVjcXPs17LhbZVGedAJv8XZ1tvj5FvSg==

mime-db@1.x.x:
  version "1.40.0"
  resolved "https://registry.yarnpkg.com/mime-db/-/mime-db-1.40.0.tgz#a65057e998db090f732a68f6c276d387d4126c32"
  integrity sha512-jYdeOMPy9vnxEqFRRo6ZvTZ8d9oPb+k18PKoYNYUe2stVEBPPwsln/qWzdbmaIvnhZ9v2P+CuecK+fpUfsV2mA==

ms@^2.1.1:
  version "2.1.2"
  resolved "https://registry.yarnpkg.com/ms/-/ms-2.1.2.tgz#d09d1f357b443f493382a8eb3ccd183872ae6009"
  integrity sha512-sGkPx+VjMtmA6MX27oA4FBFELFCZZ4S4XqeGOXCv68tT+jb3vk/RyaKWP0PTKyWtmLSM0b+adUTEvbs1PEaH2w==

node-forge@^0.7.4:
  version "0.7.6"
  resolved "https://registry.yarnpkg.com/node-forge/-/node-forge-0.7.6.tgz#fdf3b418aee1f94f0ef642cd63486c77ca9724ac"
  integrity sha512-sol30LUpz1jQFBjOKwbjxijiE3b6pjd74YwfD0fJOKPjF+fONKb2Yg8rYgS6+bK6VDl+/wfr4IYpC7jDzLUIfw==

node-forge@^0.8.5:
  version "0.8.5"
  resolved "https://registry.yarnpkg.com/node-forge/-/node-forge-0.8.5.tgz#57906f07614dc72762c84cef442f427c0e1b86ee"
  integrity sha512-vFMQIWt+J/7FLNyKouZ9TazT74PRV3wgv9UT4cRjC8BffxFbKXkgIWR42URCPSnHm/QDz6BOlb2Q0U4+VQT67Q==

node-rsa@^1.0.5:
  version "1.0.5"
  resolved "https://registry.yarnpkg.com/node-rsa/-/node-rsa-1.0.5.tgz#854dc1b275729d69bc25883f83ca80705db9262e"
  integrity sha512-9o51yfV167CtQANnuAf+5owNs7aIMsAKVLhNaKuRxihsUUnfoBMN5OTVOK/2mHSOWaWq9zZBiRM3bHORbTZqrg==
  dependencies:
    asn1 "^0.2.4"

prettier@^1.18.2:
  version "1.18.2"
  resolved "https://registry.yarnpkg.com/prettier/-/prettier-1.18.2.tgz#6823e7c5900017b4bd3acf46fe9ac4b4d7bda9ea"
  integrity sha512-OeHeMc0JhFE9idD4ZdtNibzY0+TPHSpSSb9h8FqtP+YnoZZ1sl8Vc9b1sasjfymH3SonAF4QcA2+mzHPhMvIiw==

punycode@1.3.2:
  version "1.3.2"
  resolved "https://registry.yarnpkg.com/punycode/-/punycode-1.3.2.tgz#9653a036fb7c1ee42342f2325cceefea3926c48d"
  integrity sha1-llOgNvt8HuQjQvIyXM7v6jkmxI0=

pyconf@^1.1.7:
  version "1.1.7"
  resolved "https://registry.yarnpkg.com/pyconf/-/pyconf-1.1.7.tgz#d48c3a8e10a050e304d0728b2e39803691829e7d"
  integrity sha512-v4clh33m68sjtMsh8XMpjhGWb/MQODAYZ1y7ORG5Qv58UK25OddoB+oXyexgDkK8ttFui/lZm2sQDgA2Ftjfkw==
  dependencies:
    safe-replace "^1.0.2"

querystring@0.2.0:
  version "0.2.0"
  resolved "https://registry.yarnpkg.com/querystring/-/querystring-0.2.0.tgz#b209849203bb25df820da756e747005878521620"
  integrity sha1-sgmEkgO7Jd+CDadW50cAWHhSFiA=

rasha@^1.2.4:
  version "1.2.5"
  resolved "https://registry.yarnpkg.com/rasha/-/rasha-1.2.5.tgz#72668da31dcc68ac277c5b73d610e087cd33b031"
  integrity sha512-KxtX+/fBk+wM7O3CNgwjSh5elwFilLvqWajhr6wFr2Hd63JnKTTi43Tw+Jb1hxJQWOwoya+NZWR2xztn3hCrTw==

redirect-https@^1.1.5, redirect-https@^1.3.0:
  version "1.3.0"
  resolved "https://registry.yarnpkg.com/redirect-https/-/redirect-https-1.3.0.tgz#54a1bceacddad0c3178d435bcc8d6420b63f087a"
  integrity sha512-9GzwI/+Cqw3jlSg0CW6TgBQbhiVhkHSDvW8wjgRQ9IK34wtxS71YJiQeazSCSEqbvowHCJuQZgmQFl1xUHKEgg==
  dependencies:
    escape-html "^1.0.3"

rsa-compat@^2.0.8:
  version "2.0.8"
  resolved "https://registry.yarnpkg.com/rsa-compat/-/rsa-compat-2.0.8.tgz#14ae5a8b3b05e15dea5aa5b23c2ed2084c20d8de"
  integrity sha512-BFiiSEbuxzsVdaxpejbxfX07qs+rtous49Y6mL/zw6YHh9cranDvm2BvBmqT3rso84IsxNlP5BXnuNvm1Wn3Tw==
  dependencies:
    keypairs "^1.2.14"

safe-buffer@^5.0.1:
  version "5.2.0"
  resolved "https://registry.yarnpkg.com/safe-buffer/-/safe-buffer-5.2.0.tgz#b74daec49b1148f88c64b68d49b1e815c1f2f519"
  integrity sha512-fZEwUGbVl7kouZs1jCdMLdt95hdIv0ZeHg6L7qPeciMZhZ+/gdesW4wgTARkrFWEpspjEATAzUGPG8N2jJiwbg==

safe-replace@^1.0.2, safe-replace@^1.1.0:
  version "1.1.0"
  resolved "https://registry.yarnpkg.com/safe-replace/-/safe-replace-1.1.0.tgz#432821b5a8139a38b534678d712f0850fe3e5235"
  integrity sha512-9/V2E0CDsKs9DWOOwJH7jYpSl9S3N05uyevNjvsnDauBqRowBPOyot1fIvV5N2IuZAbYyvrTXrYFVG0RZInfFw==

safer-buffer@~2.1.0:
  version "2.1.2"
  resolved "https://registry.yarnpkg.com/safer-buffer/-/safer-buffer-2.1.2.tgz#44fa161b0187b9549dd84bb91802f9bd8385cd6a"
  integrity sha512-YZo3K82SD7Riyi0E1EQPojLz7kpepnSQI9IyPbHHg1XXXevb5dJI7tpyN2ADxGcQbHG7vcyRHk0cbwqcQriUtg==

samlify@^2.6.0:
  version "2.6.0"
  resolved "https://registry.yarnpkg.com/samlify/-/samlify-2.6.0.tgz#50010ae27b808e500c88c705763ecfd05a6ab519"
  integrity sha512-/g1ELo/vF4Apw2kq4akQme5eaHyFmAXXZgZFgPjfhHoJ3I0W1MncbknpKNRbVQ7z2hRJd3x3Ngjw3k5RCSFQjA==
  dependencies:
    "@authenio/xml-encryption" "^0.11.3"
    camelcase "^5.3.1"
    deflate-js "^0.2.3"
    node-forge "^0.8.5"
    node-rsa "^1.0.5"
    uuid "^3.3.2"
    xml "^1.0.1"
    xml-crypto "^1.4.0"
    xmldom "^0.1.27"
    xpath "^0.0.27"

sax@1.2.1:
  version "1.2.1"
  resolved "https://registry.yarnpkg.com/sax/-/sax-1.2.1.tgz#7b8e656190b228e81a66aea748480d828cd2d37a"
  integrity sha1-e45lYZCyKOgaZq6nSEgNgozS03o=

sax@>=0.6.0:
  version "1.2.4"
  resolved "https://registry.yarnpkg.com/sax/-/sax-1.2.4.tgz#2816234e2378bddc4e5354fab5caa895df7100d9"
  integrity sha512-NqVDv9TpANUjFm0N8uM5GxL36UgKi9/atZw+x7YFnQ8ckwFGKrl4xX4yWtrey3UJm5nP1kUbnYgLopqWNSRhWw==

semver@^5.6.0:
  version "5.7.0"
  resolved "https://registry.yarnpkg.com/semver/-/semver-5.7.0.tgz#790a7cf6fea5459bac96110b29b60412dc8ff96b"
  integrity sha512-Ya52jSX2u7QKghxeoFGpLwCtGlt7j0oY9DYb5apt9nPlJ42ID+ulTXESnt/qAQcoSERyZ5sl3LDIOw0nAn/5DA==

typescript@^3.5.3:
  version "3.5.3"
  resolved "https://registry.yarnpkg.com/typescript/-/typescript-3.5.3.tgz#c830f657f93f1ea846819e929092f5fe5983e977"
  integrity sha512-ACzBtm/PhXBDId6a6sDJfroT2pOWt/oOnk4/dElG5G33ZL776N3Y6/6bKZJBFpd+b05F3Ct9qDjMeJmRWtE2/g==

url@0.10.3:
  version "0.10.3"
  resolved "https://registry.yarnpkg.com/url/-/url-0.10.3.tgz#021e4d9c7705f21bbf37d03ceb58767402774c64"
  integrity sha1-Ah5NnHcF8hu/N9A861h2dAJ3TGQ=
  dependencies:
    punycode "1.3.2"
    querystring "0.2.0"

uuid@3.3.2, uuid@^3.3.2:
  version "3.3.2"
  resolved "https://registry.yarnpkg.com/uuid/-/uuid-3.3.2.tgz#1b4af4955eb3077c501c23872fc6513811587131"
  integrity sha512-yXJmeNaw3DnnKAOKJE51sL/ZaYfWJRl1pK9dr19YFCu0ObS231AB1/LbqTKRAQ5kw8A90rA6fr4riOUpTZvQZA==

xml-crypto@^1.4.0:
  version "1.4.0"
  resolved "https://registry.yarnpkg.com/xml-crypto/-/xml-crypto-1.4.0.tgz#de1cec8cd31cbd689cd90d3d6e8a27d4ae807de7"
  integrity sha512-K8FRdRxICVulK4WhiTUcJrRyAIJFPVOqxfurA3x/JlmXBTxy+SkEENF6GeRt7p/rB6WSOUS9g0gXNQw5n+407g==
  dependencies:
    xmldom "0.1.27"
    xpath "0.0.27"

xml2js@0.4.19:
  version "0.4.19"
  resolved "https://registry.yarnpkg.com/xml2js/-/xml2js-0.4.19.tgz#686c20f213209e94abf0d1bcf1efaa291c7827a7"
  integrity sha512-esZnJZJOiJR9wWKMyuvSE1y6Dq5LCuJanqhxslH2bxM6duahNZ+HMpCLhBQGZkbX6xRf8x1Y2eJlgt2q3qo49Q==
  dependencies:
    sax ">=0.6.0"
    xmlbuilder "~9.0.1"

xml@^1.0.1:
  version "1.0.1"
  resolved "https://registry.yarnpkg.com/xml/-/xml-1.0.1.tgz#78ba72020029c5bc87b8a81a3cfcd74b4a2fc1e5"
  integrity sha1-eLpyAgApxbyHuKgaPPzXS0ovweU=

xmlbuilder@~9.0.1:
  version "9.0.7"
  resolved "https://registry.yarnpkg.com/xmlbuilder/-/xmlbuilder-9.0.7.tgz#132ee63d2ec5565c557e20f4c22df9aca686b10d"
  integrity sha1-Ey7mPS7FVlxVfiD0wi35rKaGsQ0=

xmldom@0.1.27, xmldom@^0.1.27, xmldom@~0.1.15:
  version "0.1.27"
  resolved "https://registry.yarnpkg.com/xmldom/-/xmldom-0.1.27.tgz#d501f97b3bdb403af8ef9ecc20573187aadac0e9"
  integrity sha1-1QH5ezvbQDr4757MIFcxh6rawOk=

xpath@0.0.27, xpath@^0.0.27:
  version "0.0.27"
  resolved "https://registry.yarnpkg.com/xpath/-/xpath-0.0.27.tgz#dd3421fbdcc5646ac32c48531b4d7e9d0c2cfa92"
  integrity sha512-fg03WRxtkCV6ohClePNAECYsmpKKTv5L8y/X3Dn1hQrec3POx2jHZ/0P2qQ6HvsrU1BmeqXcof3NGGueG6LxwQ==
